// !$*UTF8*$!
{
	archiveVersion = 1;
	classes = {
	};
	objectVersion = 56;
	objects = {

/* Begin PBXBuildFile section */
		6DD7D1C52C4858AB00C88EB4 /* AppDelegate.swift in Sources */ = {isa = PBXBuildFile; fileRef = 6DD7D1C42C4858AB00C88EB4 /* AppDelegate.swift */; };
		6DD7D1C72C4858AB00C88EB4 /* SceneDelegate.swift in Sources */ = {isa = PBXBuildFile; fileRef = 6DD7D1C62C4858AB00C88EB4 /* SceneDelegate.swift */; };
		6DD7D1C92C4858AB00C88EB4 /* ViewController.swift in Sources */ = {isa = PBXBuildFile; fileRef = 6DD7D1C82C4858AB00C88EB4 /* ViewController.swift */; };
		6DD7D1CC2C4858AB00C88EB4 /* Main.storyboard in Resources */ = {isa = PBXBuildFile; fileRef = 6DD7D1CA2C4858AB00C88EB4 /* Main.storyboard */; };
		6DD7D1CE2C4858AD00C88EB4 /* Assets.xcassets in Resources */ = {isa = PBXBuildFile; fileRef = 6DD7D1CD2C4858AD00C88EB4 /* Assets.xcassets */; };
		6DD7D1D12C4858AD00C88EB4 /* LaunchScreen.storyboard in Resources */ = {isa = PBXBuildFile; fileRef = 6DD7D1CF2C4858AD00C88EB4 /* LaunchScreen.storyboard */; };
		6DD7D1DA2C4858BA00C88EB4 /* auth_library.xcframework in Frameworks */ = {isa = PBXBuildFile; fileRef = 6DD7D1D82C4858B900C88EB4 /* auth_library.xcframework */; };
		6DD7D1DB2C4858BA00C88EB4 /* analytics_library.xcframework in Frameworks */ = {isa = PBXBuildFile; fileRef = 6DD7D1D92C4858BA00C88EB4 /* analytics_library.xcframework */; };
/* End PBXBuildFile section */

/* Begin PBXFileReference section */
		6DD7D1C12C4858AB00C88EB4 /* client-test-app.app */ = {isa = PBXFileReference; explicitFileType = wrapper.application; includeInIndex = 0; path = "client-test-app.app"; sourceTree = BUILT_PRODUCTS_DIR; };
		6DD7D1C42C4858AB00C88EB4 /* AppDelegate.swift */ = {isa = PBXFileReference; lastKnownFileType = sourcecode.swift; path = AppDelegate.swift; sourceTree = "<group>"; };
		6DD7D1C62C4858AB00C88EB4 /* SceneDelegate.swift */ = {isa = PBXFileReference; lastKnownFileType = sourcecode.swift; path = SceneDelegate.swift; sourceTree = "<group>"; };
		6DD7D1C82C4858AB00C88EB4 /* ViewController.swift */ = {isa = PBXFileReference; lastKnownFileType = sourcecode.swift; path = ViewController.swift; sourceTree = "<group>"; };
		6DD7D1CB2C4858AB00C88EB4 /* Base */ = {isa = PBXFileReference; lastKnownFileType = file.storyboard; name = Base; path = Base.lproj/Main.storyboard; sourceTree = "<group>"; };
		6DD7D1CD2C4858AD00C88EB4 /* Assets.xcassets */ = {isa = PBXFileReference; lastKnownFileType = folder.assetcatalog; path = Assets.xcassets; sourceTree = "<group>"; };
		6DD7D1D02C4858AD00C88EB4 /* Base */ = {isa = PBXFileReference; lastKnownFileType = file.storyboard; name = Base; path = Base.lproj/LaunchScreen.storyboard; sourceTree = "<group>"; };
		6DD7D1D22C4858AD00C88EB4 /* Info.plist */ = {isa = PBXFileReference; lastKnownFileType = text.plist.xml; path = Info.plist; sourceTree = "<group>"; };
		6DD7D1D82C4858B900C88EB4 /* auth_library.xcframework */ = {isa = PBXFileReference; lastKnownFileType = wrapper.xcframework; path = auth_library.xcframework; sourceTree = "<group>"; };
		6DD7D1D92C4858BA00C88EB4 /* analytics_library.xcframework */ = {isa = PBXFileReference; lastKnownFileType = wrapper.xcframework; path = analytics_library.xcframework; sourceTree = "<group>"; };
/* End PBXFileReference section */

/* Begin PBXFrameworksBuildPhase section */
		6DD7D1BE2C4858AB00C88EB4 /* Frameworks */ = {
			isa = PBXFrameworksBuildPhase;
			buildActionMask = 2147483647;
			files = (
				6DD7D1DB2C4858BA00C88EB4 /* analytics_library.xcframework in Frameworks */,
				6DD7D1DA2C4858BA00C88EB4 /* auth_library.xcframework in Frameworks */,
			);
			runOnlyForDeploymentPostprocessing = 0;
		};
/* End PBXFrameworksBuildPhase section */

/* Begin PBXGroup section */
		6DD7D1B82C4858AB00C88EB4 = {
			isa = PBXGroup;
			children = (
				6DD7D1C32C4858AB00C88EB4 /* client-test-app */,
				6DD7D1C22C4858AB00C88EB4 /* Products */,
			);
			sourceTree = "<group>";
		};
		6DD7D1C22C4858AB00C88EB4 /* Products */ = {
			isa = PBXGroup;
			children = (
				6DD7D1C12C4858AB00C88EB4 /* client-test-app.app */,
			);
			name = Products;
			sourceTree = "<group>";
		};
		6DD7D1C32C4858AB00C88EB4 /* client-test-app */ = {
			isa = PBXGroup;
			children = (
				6DD7D1D92C4858BA00C88EB4 /* analytics_library.xcframework */,
				6DD7D1D82C4858B900C88EB4 /* auth_library.xcframework */,
				6DD7D1C42C4858AB00C88EB4 /* AppDelegate.swift */,
				6DD7D1C62C4858AB00C88EB4 /* SceneDelegate.swift */,
				6DD7D1C82C4858AB00C88EB4 /* ViewController.swift */,
				6DD7D1CA2C4858AB00C88EB4 /* Main.storyboard */,
				6DD7D1CD2C4858AD00C88EB4 /* Assets.xcassets */,
				6DD7D1CF2C4858AD00C88EB4 /* LaunchScreen.storyboard */,
				6DD7D1D22C4858AD00C88EB4 /* Info.plist */,
			);
			path = "client-test-app";
			sourceTree = "<group>";
		};
/* End PBXGroup section */

/* Begin PBXNativeTarget section */
		6DD7D1C02C4858AB00C88EB4 /* client-test-app */ = {
			isa = PBXNativeTarget;
			buildConfigurationList = 6DD7D1D52C4858AD00C88EB4 /* Build configuration list for PBXNativeTarget "client-test-app" */;
			buildPhases = (
				6DD7D1BD2C4858AB00C88EB4 /* Sources */,
				6DD7D1BE2C4858AB00C88EB4 /* Frameworks */,
				6DD7D1BF2C4858AB00C88EB4 /* Resources */,
			);
			buildRules = (
			);
			dependencies = (
			);
			name = "client-test-app";
			productName = "client-test-app";
			productReference = 6DD7D1C12C4858AB00C88EB4 /* client-test-app.app */;
			productType = "com.apple.product-type.application";
		};
/* End PBXNativeTarget section */

/* Begin PBXProject section */
		6DD7D1B92C4858AB00C88EB4 /* Project object */ = {
			isa = PBXProject;
			attributes = {
				BuildIndependentTargetsInParallel = 1;
				LastSwiftUpdateCheck = 1500;
				LastUpgradeCheck = 1500;
				TargetAttributes = {
					6DD7D1C02C4858AB00C88EB4 = {
						CreatedOnToolsVersion = 15.0;
					};
				};
			};
			buildConfigurationList = 6DD7D1BC2C4858AB00C88EB4 /* Build configuration list for PBXProject "client-test-app" */;
			compatibilityVersion = "Xcode 14.0";
			developmentRegion = en;
			hasScannedForEncodings = 0;
			knownRegions = (
				en,
				Base,
			);
			mainGroup = 6DD7D1B82C4858AB00C88EB4;
			productRefGroup = 6DD7D1C22C4858AB00C88EB4 /* Products */;
			projectDirPath = "";
			projectRoot = "";
			targets = (
				6DD7D1C02C4858AB00C88EB4 /* client-test-app */,
			);
		};
/* End PBXProject section */

/* Begin PBXResourcesBuildPhase section */
		6DD7D1BF2C4858AB00C88EB4 /* Resources */ = {
			isa = PBXResourcesBuildPhase;
			buildActionMask = 2147483647;
			files = (
				6DD7D1D12C4858AD00C88EB4 /* LaunchScreen.storyboard in Resources */,
				6DD7D1CE2C4858AD00C88EB4 /* Assets.xcassets in Resources */,
				6DD7D1CC2C4858AB00C88EB4 /* Main.storyboard in Resources */,
			);
			runOnlyForDeploymentPostprocessing = 0;
		};
/* End PBXResourcesBuildPhase section */

/* Begin PBXSourcesBuildPhase section */
		6DD7D1BD2C4858AB00C88EB4 /* Sources */ = {
			isa = PBXSourcesBuildPhase;
			buildActionMask = 2147483647;
			files = (
				6DD7D1C92C4858AB00C88EB4 /* ViewController.swift in Sources */,
				6DD7D1C52C4858AB00C88EB4 /* AppDelegate.swift in Sources */,
				6DD7D1C72C4858AB00C88EB4 /* SceneDelegate.swift in Sources */,
			);
			runOnlyForDeploymentPostprocessing = 0;
		};
/* End PBXSourcesBuildPhase section */

/* Begin PBXVariantGroup section */
		6DD7D1CA2C4858AB00C88EB4 /* Main.storyboard */ = {
			isa = PBXVariantGroup;
			children = (
				6DD7D1CB2C4858AB00C88EB4 /* Base */,
			);
			name = Main.storyboard;
			sourceTree = "<group>";
		};
		6DD7D1CF2C4858AD00C88EB4 /* LaunchScreen.storyboard */ = {
			isa = PBXVariantGroup;
			children = (
				6DD7D1D02C4858AD00C88EB4 /* Base */,
			);
			name = LaunchScreen.storyboard;
			sourceTree = "<group>";
		};
/* End PBXVariantGroup section */

/* Begin XCBuildConfiguration section */
		6DD7D1D32C4858AD00C88EB4 /* Debug */ = {
			isa = XCBuildConfiguration;
			buildSettings = {
				ALWAYS_SEARCH_USER_PATHS = NO;
				ASSETCATALOG_COMPILER_GENERATE_SWIFT_ASSET_SYMBOL_EXTENSIONS = YES;
				CLANG_ANALYZER_NONNULL = YES;
				CLANG_ANALYZER_NUMBER_OBJECT_CONVERSION = YES_AGGRESSIVE;
				CLANG_CXX_LANGUAGE_STANDARD = "gnu++20";
				CLANG_ENABLE_MODULES = YES;
				CLANG_ENABLE_OBJC_ARC = YES;
				CLANG_ENABLE_OBJC_WEAK = YES;
				CLANG_WARN_BLOCK_CAPTURE_AUTORELEASING = YES;
				CLANG_WARN_BOOL_CONVERSION = YES;
				CLANG_WARN_COMMA = YES;
				CLANG_WARN_CONSTANT_CONVERSION = YES;
				CLANG_WARN_DEPRECATED_OBJC_IMPLEMENTATIONS = YES;
				CLANG_WARN_DIRECT_OBJC_ISA_USAGE = YES_ERROR;
				CLANG_WARN_DOCUMENTATION_COMMENTS = YES;
				CLANG_WARN_EMPTY_BODY = YES;
				CLANG_WARN_ENUM_CONVERSION = YES;
				CLANG_WARN_INFINITE_RECURSION = YES;
				CLANG_WARN_INT_CONVERSION = YES;
				CLANG_WARN_NON_LITERAL_NULL_CONVERSION = YES;
				CLANG_WARN_OBJC_IMPLICIT_RETAIN_SELF = YES;
				CLANG_WARN_OBJC_LITERAL_CONVERSION = YES;
				CLANG_WARN_OBJC_ROOT_CLASS = YES_ERROR;
				CLANG_WARN_QUOTED_INCLUDE_IN_FRAMEWORK_HEADER = YES;
				CLANG_WARN_RANGE_LOOP_ANALYSIS = YES;
				CLANG_WARN_STRICT_PROTOTYPES = YES;
				CLANG_WARN_SUSPICIOUS_MOVE = YES;
				CLANG_WARN_UNGUARDED_AVAILABILITY = YES_AGGRESSIVE;
				CLANG_WARN_UNREACHABLE_CODE = YES;
				CLANG_WARN__DUPLICATE_METHOD_MATCH = YES;
				COPY_PHASE_STRIP = NO;
				DEBUG_INFORMATION_FORMAT = dwarf;
				ENABLE_STRICT_OBJC_MSGSEND = YES;
				ENABLE_TESTABILITY = YES;
				ENABLE_USER_SCRIPT_SANDBOXING = YES;
				GCC_C_LANGUAGE_STANDARD = gnu17;
				GCC_DYNAMIC_NO_PIC = NO;
				GCC_NO_COMMON_BLOCKS = YES;
				GCC_OPTIMIZATION_LEVEL = 0;
				GCC_PREPROCESSOR_DEFINITIONS = (
					"DEBUG=1",
					"$(inherited)",
				);
				GCC_WARN_64_TO_32_BIT_CONVERSION = YES;
				GCC_WARN_ABOUT_RETURN_TYPE = YES_ERROR;
				GCC_WARN_UNDECLARED_SELECTOR = YES;
				GCC_WARN_UNINITIALIZED_AUTOS = YES_AGGRESSIVE;
				GCC_WARN_UNUSED_FUNCTION = YES;
				GCC_WARN_UNUSED_VARIABLE = YES;
				IPHONEOS_DEPLOYMENT_TARGET = 17.0;
				LOCALIZATION_PREFERS_STRING_CATALOGS = YES;
				MTL_ENABLE_DEBUG_INFO = INCLUDE_SOURCE;
				MTL_FAST_MATH = YES;
				ONLY_ACTIVE_ARCH = YES;
				SDKROOT = iphoneos;
				SWIFT_ACTIVE_COMPILATION_CONDITIONS = "DEBUG $(inherited)";
				SWIFT_OPTIMIZATION_LEVEL = "-Onone";
			};
			name = Debug;
		};
		6DD7D1D42C4858AD00C88EB4 /* Release */ = {
			isa = XCBuildConfiguration;
			buildSettings = {
				ALWAYS_SEARCH_USER_PATHS = NO;
				ASSETCATALOG_COMPILER_GENERATE_SWIFT_ASSET_SYMBOL_EXTENSIONS = YES;
				CLANG_ANALYZER_NONNULL = YES;
				CLANG_ANALYZER_NUMBER_OBJECT_CONVERSION = YES_AGGRESSIVE;
				CLANG_CXX_LANGUAGE_STANDARD = "gnu++20";
				CLANG_ENABLE_MODULES = YES;
				CLANG_ENABLE_OBJC_ARC = YES;
				CLANG_ENABLE_OBJC_WEAK = YES;
				CLANG_WARN_BLOCK_CAPTURE_AUTORELEASING = YES;
				CLANG_WARN_BOOL_CONVERSION = YES;
				CLANG_WARN_COMMA = YES;
				CLANG_WARN_CONSTANT_CONVERSION = YES;
				CLANG_WARN_DEPRECATED_OBJC_IMPLEMENTATIONS = YES;
				CLANG_WARN_DIRECT_OBJC_ISA_USAGE = YES_ERROR;
				CLANG_WARN_DOCUMENTATION_COMMENTS = YES;
				CLANG_WARN_EMPTY_BODY = YES;
				CLANG_WARN_ENUM_CONVERSION = YES;
				CLANG_WARN_INFINITE_RECURSION = YES;
				CLANG_WARN_INT_CONVERSION = YES;
				CLANG_WARN_NON_LITERAL_NULL_CONVERSION = YES;
				CLANG_WARN_OBJC_IMPLICIT_RETAIN_SELF = YES;
				CLANG_WARN_OBJC_LITERAL_CONVERSION = YES;
				CLANG_WARN_OBJC_ROOT_CLASS = YES_ERROR;
				CLANG_WARN_QUOTED_INCLUDE_IN_FRAMEWORK_HEADER = YES;
				CLANG_WARN_RANGE_LOOP_ANALYSIS = YES;
				CLANG_WARN_STRICT_PROTOTYPES = YES;
				CLANG_WARN_SUSPICIOUS_MOVE = YES;
				CLANG_WARN_UNGUARDED_AVAILABILITY = YES_AGGRESSIVE;
				CLANG_WARN_UNREACHABLE_CODE = YES;
				CLANG_WARN__DUPLICATE_METHOD_MATCH = YES;
				COPY_PHASE_STRIP = NO;
				DEBUG_INFORMATION_FORMAT = "dwarf-with-dsym";
				ENABLE_NS_ASSERTIONS = NO;
				ENABLE_STRICT_OBJC_MSGSEND = YES;
				ENABLE_USER_SCRIPT_SANDBOXING = YES;
				GCC_C_LANGUAGE_STANDARD = gnu17;
				GCC_NO_COMMON_BLOCKS = YES;
				GCC_WARN_64_TO_32_BIT_CONVERSION = YES;
				GCC_WARN_ABOUT_RETURN_TYPE = YES_ERROR;
				GCC_WARN_UNDECLARED_SELECTOR = YES;
				GCC_WARN_UNINITIALIZED_AUTOS = YES_AGGRESSIVE;
				GCC_WARN_UNUSED_FUNCTION = YES;
				GCC_WARN_UNUSED_VARIABLE = YES;
				IPHONEOS_DEPLOYMENT_TARGET = 17.0;
				LOCALIZATION_PREFERS_STRING_CATALOGS = YES;
				MTL_ENABLE_DEBUG_INFO = NO;
				MTL_FAST_MATH = YES;
				SDKROOT = iphoneos;
				SWIFT_COMPILATION_MODE = wholemodule;
				VALIDATE_PRODUCT = YES;
			};
			name = Release;
		};
		6DD7D1D62C4858AD00C88EB4 /* Debug */ = {
			isa = XCBuildConfiguration;
			buildSettings = {
				ASSETCATALOG_COMPILER_APPICON_NAME = AppIcon;
				ASSETCATALOG_COMPILER_GLOBAL_ACCENT_COLOR_NAME = AccentColor;
				CODE_SIGN_STYLE = Automatic;
				CURRENT_PROJECT_VERSION = 1;
				GENERATE_INFOPLIST_FILE = YES;
				INFOPLIST_FILE = "client-test-app/Info.plist";
				INFOPLIST_KEY_UIApplicationSupportsIndirectInputEvents = YES;
				INFOPLIST_KEY_UILaunchStoryboardName = LaunchScreen;
				INFOPLIST_KEY_UIMainStoryboardFile = Main;
				INFOPLIST_KEY_UISupportedInterfaceOrientations_iPad = "UIInterfaceOrientationPortrait UIInterfaceOrientationPortraitUpsideDown UIInterfaceOrientationLandscapeLeft UIInterfaceOrientationLandscapeRight";
				INFOPLIST_KEY_UISupportedInterfaceOrientations_iPhone = "UIInterfaceOrientationPortrait UIInterfaceOrientationLandscapeLeft UIInterfaceOrientationLandscapeRight";
				LD_RUNPATH_SEARCH_PATHS = (
					"$(inherited)",
					"@executable_path/Frameworks",
				);
				MARKETING_VERSION = 1.0;
				PRODUCT_BUNDLE_IDENTIFIER = "io.ios.client-test-app";
				PRODUCT_NAME = "$(TARGET_NAME)";
				SWIFT_EMIT_LOC_STRINGS = YES;
				SWIFT_VERSION = 5.0;
				TARGETED_DEVICE_FAMILY = "1,2";
			};
			name = Debug;
		};
		6DD7D1D72C4858AD00C88EB4 /* Release */ = {
			isa = XCBuildConfiguration;
			buildSettings = {
				ASSETCATALOG_COMPILER_APPICON_NAME = AppIcon;
				ASSETCATALOG_COMPILER_GLOBAL_ACCENT_COLOR_NAME = AccentColor;
				CODE_SIGN_STYLE = Automatic;
				CURRENT_PROJECT_VERSION = 1;
				GENERATE_INFOPLIST_FILE = YES;
				INFOPLIST_FILE = "client-test-app/Info.plist";
				INFOPLIST_KEY_UIApplicationSupportsIndirectInputEvents = YES;
				INFOPLIST_KEY_UILaunchStoryboardName = LaunchScreen;
				INFOPLIST_KEY_UIMainStoryboardFile = Main;
				INFOPLIST_KEY_UISupportedInterfaceOrientations_iPad = "UIInterfaceOrientationPortrait UIInterfaceOrientationPortraitUpsideDown UIInterfaceOrientationLandscapeLeft UIInterfaceOrientationLandscapeRight";
				INFOPLIST_KEY_UISupportedInterfaceOrientations_iPhone = "UIInterfaceOrientationPortrait UIInterfaceOrientationLandscapeLeft UIInterfaceOrientationLandscapeRight";
				LD_RUNPATH_SEARCH_PATHS = (
					"$(inherited)",
					"@executable_path/Frameworks",
				);
				MARKETING_VERSION = 1.0;
				PRODUCT_BUNDLE_IDENTIFIER = "io.ios.client-test-app";
				PRODUCT_NAME = "$(TARGET_NAME)";
				SWIFT_EMIT_LOC_STRINGS = YES;
				SWIFT_VERSION = 5.0;
				TARGETED_DEVICE_FAMILY = "1,2";
			};
			name = Release;
		};
/* End XCBuildConfiguration section */

/* Begin XCConfigurationList section */
		6DD7D1BC2C4858AB00C88EB4 /* Build configuration list for PBXProject "client-test-app" */ = {
			isa = XCConfigurationList;
			buildConfigurations = (
				6DD7D1D32C4858AD00C88EB4 /* Debug */,
				6DD7D1D42C4858AD00C88EB4 /* Release */,
			);
			defaultConfigurationIsVisible = 0;
			defaultConfigurationName = Release;
		};
		6DD7D1D52C4858AD00C88EB4 /* Build configuration list for PBXNativeTarget "client-test-app" */ = {
			isa = XCConfigurationList;
			buildConfigurations = (
				6DD7D1D62C4858AD00C88EB4 /* Debug */,
				6DD7D1D72C4858AD00C88EB4 /* Release */,
			);
			defaultConfigurationIsVisible = 0;
			defaultConfigurationName = Release;
		};
/* End XCConfigurationList section */
	};
	rootObject = 6DD7D1B92C4858AB00C88EB4 /* Project object */;
}
